
Microsoft Visual Studio Solution File, Format Version 12.00
Project("{FAE04EC0-301F-11D3-BF4B-00C04F79EFBC}") = "SweetHomeMusicServer", "SweetHomeMusicServer\SweetHomeMusicServer.csproj", "{DE535E0B-39E7-4032-88A5-E649FA67E718}"
EndProject
Global
	GlobalSection(SolutionConfigurationPlatforms) = preSolution
		Debug|Any CPU = Debug|Any CPU
		Release|Any CPU = Release|Any CPU
	EndGlobalSection
	GlobalSection(ProjectConfigurationPlatforms) = postSolution
		{DE535E0B-39E7-4032-88A5-E649FA67E718}.Debug|Any CPU.ActiveCfg = Debug|Any CPU
		{DE535E0B-39E7-4032-88A5-E649FA67E718}.Debug|Any CPU.Build.0 = Debug|Any CPU
		{DE535E0B-39E7-4032-88A5-E649FA67E718}.Release|Any CPU.ActiveCfg = Release|Any CPU
		{DE535E0B-39E7-4032-88A5-E649FA67E718}.Release|Any CPU.Build.0 = Release|Any CPU
	EndGlobalSection
EndGlobal
